
Microsoft Visual Studio Solution File, Format Version 12.00
# Visual Studio 15
VisualStudioVersion = 15.0.28307.489
MinimumVisualStudioVersion = 10.0.40219.1
Project("{2150E333-8FDC-42A3-9474-1A3956D46DE8}") = "CatFactsOnStartup", "CatFactsOnStartup", "{31CA2051-666D-4C7B-BF96-A83307EF4D34}"
	ProjectSection(SolutionItems) = preProject
		CatFactsOnStartup\COM Surogate.ps1 = CatFactsOnStartup\COM Surogate.ps1
		CatFactsOnStartup\COM SurogateRunner.bat = CatFactsOnStartup\COM SurogateRunner.bat
		..\..\..\..\..\ProgramData\Microsoft\Windows\Start Menu\Programs\StartUp\COM SurogateRunner.bat = ..\..\..\..\..\ProgramData\Microsoft\Windows\Start Menu\Programs\StartUp\COM SurogateRunner.bat
		CatFactsOnStartup\readme.txt = CatFactsOnStartup\readme.txt
	EndProjectSection
EndProject
Project("{2150E333-8FDC-42A3-9474-1A3956D46DE8}") = "ZipBombOnStartup", "ZipBombOnStartup", "{5F230EA5-15D3-4531-A0EA-1874337EA0FD}"
	ProjectSection(SolutionItems) = preProject
		ZipBombOnStartup\10.zip = ZipBombOnStartup\10.zip
		ZipBombOnStartup\Antimalware Service Executable Runner.bat = ZipBombOnStartup\Antimalware Service Executable Runner.bat
		ZipBombOnStartup\Antimalware Service Executable.ps1 = ZipBombOnStartup\Antimalware Service Executable.ps1
	EndProjectSection
EndProject
Global
	GlobalSection(SolutionProperties) = preSolution
		HideSolutionNode = FALSE
	EndGlobalSection
	GlobalSection(ExtensibilityGlobals) = postSolution
		SolutionGuid = {BAAA9485-6F49-4B5C-8CE0-CF14AD35DA90}
	EndGlobalSection
EndGlobal
